
Microsoft Visual Studio Solution File, Format Version 12.00
# Visual Studio Version 17
VisualStudioVersion = 17.0.31903.59
MinimumVisualStudioVersion = 10.0.40219.1
Project("{2150E333-8FDC-42A3-9474-1A3956D46DE8}") = "src", "src", "{8F24A834-3A19-4542-BF06-C216BDE837C8}"
EndProject
Project("{FAE04EC0-301F-11D3-BF4B-00C04F79EFBC}") = "MusicApp.Api", "src\MusicApp.Api\MusicApp.Api.csproj", "{F61E0381-61C4-469F-8598-3D4B2CD4FDF1}"
EndProject
Project("{FAE04EC0-301F-11D3-BF4B-00C04F79EFBC}") = "MusicApp.AppHost", "src\MusicApp.AppHost\MusicApp.AppHost.csproj", "{65B0670F-D01B-4702-AC85-06AB2705CA70}"
EndProject
Project("{FAE04EC0-301F-11D3-BF4B-00C04F79EFBC}") = "MusicApp.ServiceDefaults", "src\MusicApp.ServiceDefaults\MusicApp.ServiceDefaults.csproj", "{8E7E8D13-907D-45B8-BEBB-75BE8DF24A32}"
EndProject
Project("{FAE04EC0-301F-11D3-BF4B-00C04F79EFBC}") = "MusicApp.Data", "src\MusicApp.Data\MusicApp.Data.csproj", "{FB4A407E-0A99-4DBA-BB60-4AD3BD00852D}"
EndProject
Project("{FAE04EC0-301F-11D3-BF4B-00C04F79EFBC}") = "MusicApp.Common", "src\MusicApp.Common\MusicApp.Common.csproj", "{65DC612E-B072-4784-B6EA-3E714DFD75E2}"
EndProject
Global
	GlobalSection(SolutionConfigurationPlatforms) = preSolution
		Debug|Any CPU = Debug|Any CPU
		Release|Any CPU = Release|Any CPU
	EndGlobalSection
	GlobalSection(SolutionProperties) = preSolution
		HideSolutionNode = FALSE
	EndGlobalSection
	GlobalSection(ProjectConfigurationPlatforms) = postSolution
		{F61E0381-61C4-469F-8598-3D4B2CD4FDF1}.Debug|Any CPU.ActiveCfg = Debug|Any CPU
		{F61E0381-61C4-469F-8598-3D4B2CD4FDF1}.Debug|Any CPU.Build.0 = Debug|Any CPU
		{F61E0381-61C4-469F-8598-3D4B2CD4FDF1}.Release|Any CPU.ActiveCfg = Release|Any CPU
		{F61E0381-61C4-469F-8598-3D4B2CD4FDF1}.Release|Any CPU.Build.0 = Release|Any CPU
		{65B0670F-D01B-4702-AC85-06AB2705CA70}.Debug|Any CPU.ActiveCfg = Debug|Any CPU
		{65B0670F-D01B-4702-AC85-06AB2705CA70}.Debug|Any CPU.Build.0 = Debug|Any CPU
		{65B0670F-D01B-4702-AC85-06AB2705CA70}.Release|Any CPU.ActiveCfg = Release|Any CPU
		{65B0670F-D01B-4702-AC85-06AB2705CA70}.Release|Any CPU.Build.0 = Release|Any CPU
		{8E7E8D13-907D-45B8-BEBB-75BE8DF24A32}.Debug|Any CPU.ActiveCfg = Debug|Any CPU
		{8E7E8D13-907D-45B8-BEBB-75BE8DF24A32}.Debug|Any CPU.Build.0 = Debug|Any CPU
		{8E7E8D13-907D-45B8-BEBB-75BE8DF24A32}.Release|Any CPU.ActiveCfg = Release|Any CPU
		{8E7E8D13-907D-45B8-BEBB-75BE8DF24A32}.Release|Any CPU.Build.0 = Release|Any CPU
		{FB4A407E-0A99-4DBA-BB60-4AD3BD00852D}.Debug|Any CPU.ActiveCfg = Debug|Any CPU
		{FB4A407E-0A99-4DBA-BB60-4AD3BD00852D}.Debug|Any CPU.Build.0 = Debug|Any CPU
		{FB4A407E-0A99-4DBA-BB60-4AD3BD00852D}.Release|Any CPU.ActiveCfg = Release|Any CPU
		{FB4A407E-0A99-4DBA-BB60-4AD3BD00852D}.Release|Any CPU.Build.0 = Release|Any CPU
		{65DC612E-B072-4784-B6EA-3E714DFD75E2}.Debug|Any CPU.ActiveCfg = Debug|Any CPU
		{65DC612E-B072-4784-B6EA-3E714DFD75E2}.Debug|Any CPU.Build.0 = Debug|Any CPU
		{65DC612E-B072-4784-B6EA-3E714DFD75E2}.Release|Any CPU.ActiveCfg = Release|Any CPU
		{65DC612E-B072-4784-B6EA-3E714DFD75E2}.Release|Any CPU.Build.0 = Release|Any CPU
	EndGlobalSection
	GlobalSection(NestedProjects) = preSolution
		{F61E0381-61C4-469F-8598-3D4B2CD4FDF1} = {8F24A834-3A19-4542-BF06-C216BDE837C8}
		{65B0670F-D01B-4702-AC85-06AB2705CA70} = {8F24A834-3A19-4542-BF06-C216BDE837C8}
		{8E7E8D13-907D-45B8-BEBB-75BE8DF24A32} = {8F24A834-3A19-4542-BF06-C216BDE837C8}
		{FB4A407E-0A99-4DBA-BB60-4AD3BD00852D} = {8F24A834-3A19-4542-BF06-C216BDE837C8}
		{65DC612E-B072-4784-B6EA-3E714DFD75E2} = {8F24A834-3A19-4542-BF06-C216BDE837C8}
	EndGlobalSection
EndGlobal
